
Microsoft Visual Studio Solution File, Format Version 10.00
# Visual Studio 2008
Project("{FAE04EC0-301F-11D3-BF4B-00C04F79EFBC}") = "AxlesView", "AxlesView\AxlesView.csproj", "{D922EF66-CBE0-4CFF-B92D-9DBC4EA30D5E}"
EndProject
Project("{FAE04EC0-301F-11D3-BF4B-00C04F79EFBC}") = "AxlesGL", "AxlesGL\AxlesGL.csproj", "{826F4EE4-C9F5-45DF-AA1B-634A9553E5C3}"
EndProject
Global
	GlobalSection(SolutionConfigurationPlatforms) = preSolution
		Debug|Any CPU = Debug|Any CPU
		Release|Any CPU = Release|Any CPU
	EndGlobalSection
	GlobalSection(ProjectConfigurationPlatforms) = postSolution
		{D922EF66-CBE0-4CFF-B92D-9DBC4EA30D5E}.Debug|Any CPU.ActiveCfg = Debug|Any CPU
		{D922EF66-CBE0-4CFF-B92D-9DBC4EA30D5E}.Debug|Any CPU.Build.0 = Debug|Any CPU
		{D922EF66-CBE0-4CFF-B92D-9DBC4EA30D5E}.Release|Any CPU.ActiveCfg = Release|Any CPU
		{D922EF66-CBE0-4CFF-B92D-9DBC4EA30D5E}.Release|Any CPU.Build.0 = Release|Any CPU
		{826F4EE4-C9F5-45DF-AA1B-634A9553E5C3}.Debug|Any CPU.ActiveCfg = Debug|Any CPU
		{826F4EE4-C9F5-45DF-AA1B-634A9553E5C3}.Debug|Any CPU.Build.0 = Debug|Any CPU
		{826F4EE4-C9F5-45DF-AA1B-634A9553E5C3}.Release|Any CPU.ActiveCfg = Release|Any CPU
		{826F4EE4-C9F5-45DF-AA1B-634A9553E5C3}.Release|Any CPU.Build.0 = Release|Any CPU
	EndGlobalSection
	GlobalSection(SolutionProperties) = preSolution
		HideSolutionNode = FALSE
	EndGlobalSection
EndGlobal
